
Microsoft Visual Studio Solution File, Format Version 12.00
# Visual Studio Version 17
VisualStudioVersion = 17.9.34622.214
MinimumVisualStudioVersion = 10.0.40219.1
Project("{FAE04EC0-301F-11D3-BF4B-00C04F79EFBC}") = "CosmeticShop.MVC", "CosmeticShop.MVC\CosmeticShop.MVC.csproj", "{1E4CBE18-D687-4663-8117-0ABFF66E83F8}"
EndProject
Project("{FAE04EC0-301F-11D3-BF4B-00C04F79EFBC}") = "CosmeticShop.Business", "CosmeticShop.Business\CosmeticShop.Business.csproj", "{5F6B7F68-2012-4787-AD60-F5535C36B02E}"
EndProject
Project("{FAE04EC0-301F-11D3-BF4B-00C04F79EFBC}") = "CosmeticShop.Data", "CosmeticShop.Data\CosmeticShop.Data.csproj", "{AA242560-6CE4-4D49-8E36-A230E8EC932C}"
EndProject
Project("{FAE04EC0-301F-11D3-BF4B-00C04F79EFBC}") = "CosmeticShop.Entity", "CosmeticShop.Entity\CosmeticShop.Entity.csproj", "{4528FA69-621A-42F4-AC20-7CD446138D97}"
EndProject
Project("{FAE04EC0-301F-11D3-BF4B-00C04F79EFBC}") = "CosmeticShop.Shared", "CosmeticShop.Shared\CosmeticShop.Shared.csproj", "{74C35097-EE28-4FF4-9131-A8712786455B}"
EndProject
Global
	GlobalSection(SolutionConfigurationPlatforms) = preSolution
		Debug|Any CPU = Debug|Any CPU
		Release|Any CPU = Release|Any CPU
	EndGlobalSection
	GlobalSection(ProjectConfigurationPlatforms) = postSolution
		{1E4CBE18-D687-4663-8117-0ABFF66E83F8}.Debug|Any CPU.ActiveCfg = Debug|Any CPU
		{1E4CBE18-D687-4663-8117-0ABFF66E83F8}.Debug|Any CPU.Build.0 = Debug|Any CPU
		{1E4CBE18-D687-4663-8117-0ABFF66E83F8}.Release|Any CPU.ActiveCfg = Release|Any CPU
		{1E4CBE18-D687-4663-8117-0ABFF66E83F8}.Release|Any CPU.Build.0 = Release|Any CPU
		{5F6B7F68-2012-4787-AD60-F5535C36B02E}.Debug|Any CPU.ActiveCfg = Debug|Any CPU
		{5F6B7F68-2012-4787-AD60-F5535C36B02E}.Debug|Any CPU.Build.0 = Debug|Any CPU
		{5F6B7F68-2012-4787-AD60-F5535C36B02E}.Release|Any CPU.ActiveCfg = Release|Any CPU
		{5F6B7F68-2012-4787-AD60-F5535C36B02E}.Release|Any CPU.Build.0 = Release|Any CPU
		{AA242560-6CE4-4D49-8E36-A230E8EC932C}.Debug|Any CPU.ActiveCfg = Debug|Any CPU
		{AA242560-6CE4-4D49-8E36-A230E8EC932C}.Debug|Any CPU.Build.0 = Debug|Any CPU
		{AA242560-6CE4-4D49-8E36-A230E8EC932C}.Release|Any CPU.ActiveCfg = Release|Any CPU
		{AA242560-6CE4-4D49-8E36-A230E8EC932C}.Release|Any CPU.Build.0 = Release|Any CPU
		{4528FA69-621A-42F4-AC20-7CD446138D97}.Debug|Any CPU.ActiveCfg = Debug|Any CPU
		{4528FA69-621A-42F4-AC20-7CD446138D97}.Debug|Any CPU.Build.0 = Debug|Any CPU
		{4528FA69-621A-42F4-AC20-7CD446138D97}.Release|Any CPU.ActiveCfg = Release|Any CPU
		{4528FA69-621A-42F4-AC20-7CD446138D97}.Release|Any CPU.Build.0 = Release|Any CPU
		{74C35097-EE28-4FF4-9131-A8712786455B}.Debug|Any CPU.ActiveCfg = Debug|Any CPU
		{74C35097-EE28-4FF4-9131-A8712786455B}.Debug|Any CPU.Build.0 = Debug|Any CPU
		{74C35097-EE28-4FF4-9131-A8712786455B}.Release|Any CPU.ActiveCfg = Release|Any CPU
		{74C35097-EE28-4FF4-9131-A8712786455B}.Release|Any CPU.Build.0 = Release|Any CPU
	EndGlobalSection
	GlobalSection(SolutionProperties) = preSolution
		HideSolutionNode = FALSE
	EndGlobalSection
	GlobalSection(ExtensibilityGlobals) = postSolution
		SolutionGuid = {6ADF77E8-54C9-46AE-AE63-47B1A0FBCCFB}
	EndGlobalSection
EndGlobal
