
Microsoft Visual Studio Solution File, Format Version 12.00
# Visual Studio Version 17
VisualStudioVersion = 17.9.34622.214
MinimumVisualStudioVersion = 10.0.40219.1
Project("{FAE04EC0-301F-11D3-BF4B-00C04F79EFBC}") = "CosmeticShop.UI", "CosmeticShop.UI\CosmeticShop.UI.csproj", "{5D168433-A0FC-418E-A2F1-D5BBBD1D36DF}"
EndProject
Project("{FAE04EC0-301F-11D3-BF4B-00C04F79EFBC}") = "CosmeticShop.Business", "CosmeticShop.Business\CosmeticShop.Business.csproj", "{8B4F7E93-9EFC-4B5B-BB44-A23B743FA853}"
EndProject
Project("{FAE04EC0-301F-11D3-BF4B-00C04F79EFBC}") = "CosmeticShop.Data", "CosmeticShop.Data\CosmeticShop.Data.csproj", "{FF2F189C-2DA8-4E4B-A45E-47D1178A1459}"
EndProject
Project("{FAE04EC0-301F-11D3-BF4B-00C04F79EFBC}") = "CosmeticShop.Entity", "CosmeticShop.Entity\CosmeticShop.Entity.csproj", "{CC62BF0E-AA84-4D24-9029-CFED9282544F}"
EndProject
Project("{FAE04EC0-301F-11D3-BF4B-00C04F79EFBC}") = "CosmeticShop.Shared", "CosmeticShop.Shared\CosmeticShop.Shared.csproj", "{05924368-610B-4BE3-9575-72AA57C3548C}"
EndProject
Global
	GlobalSection(SolutionConfigurationPlatforms) = preSolution
		Debug|Any CPU = Debug|Any CPU
		Release|Any CPU = Release|Any CPU
	EndGlobalSection
	GlobalSection(ProjectConfigurationPlatforms) = postSolution
		{5D168433-A0FC-418E-A2F1-D5BBBD1D36DF}.Debug|Any CPU.ActiveCfg = Debug|Any CPU
		{5D168433-A0FC-418E-A2F1-D5BBBD1D36DF}.Debug|Any CPU.Build.0 = Debug|Any CPU
		{5D168433-A0FC-418E-A2F1-D5BBBD1D36DF}.Release|Any CPU.ActiveCfg = Release|Any CPU
		{5D168433-A0FC-418E-A2F1-D5BBBD1D36DF}.Release|Any CPU.Build.0 = Release|Any CPU
		{8B4F7E93-9EFC-4B5B-BB44-A23B743FA853}.Debug|Any CPU.ActiveCfg = Debug|Any CPU
		{8B4F7E93-9EFC-4B5B-BB44-A23B743FA853}.Debug|Any CPU.Build.0 = Debug|Any CPU
		{8B4F7E93-9EFC-4B5B-BB44-A23B743FA853}.Release|Any CPU.ActiveCfg = Release|Any CPU
		{8B4F7E93-9EFC-4B5B-BB44-A23B743FA853}.Release|Any CPU.Build.0 = Release|Any CPU
		{FF2F189C-2DA8-4E4B-A45E-47D1178A1459}.Debug|Any CPU.ActiveCfg = Debug|Any CPU
		{FF2F189C-2DA8-4E4B-A45E-47D1178A1459}.Debug|Any CPU.Build.0 = Debug|Any CPU
		{FF2F189C-2DA8-4E4B-A45E-47D1178A1459}.Release|Any CPU.ActiveCfg = Release|Any CPU
		{FF2F189C-2DA8-4E4B-A45E-47D1178A1459}.Release|Any CPU.Build.0 = Release|Any CPU
		{CC62BF0E-AA84-4D24-9029-CFED9282544F}.Debug|Any CPU.ActiveCfg = Debug|Any CPU
		{CC62BF0E-AA84-4D24-9029-CFED9282544F}.Debug|Any CPU.Build.0 = Debug|Any CPU
		{CC62BF0E-AA84-4D24-9029-CFED9282544F}.Release|Any CPU.ActiveCfg = Release|Any CPU
		{CC62BF0E-AA84-4D24-9029-CFED9282544F}.Release|Any CPU.Build.0 = Release|Any CPU
		{05924368-610B-4BE3-9575-72AA57C3548C}.Debug|Any CPU.ActiveCfg = Debug|Any CPU
		{05924368-610B-4BE3-9575-72AA57C3548C}.Debug|Any CPU.Build.0 = Debug|Any CPU
		{05924368-610B-4BE3-9575-72AA57C3548C}.Release|Any CPU.ActiveCfg = Release|Any CPU
		{05924368-610B-4BE3-9575-72AA57C3548C}.Release|Any CPU.Build.0 = Release|Any CPU
	EndGlobalSection
	GlobalSection(SolutionProperties) = preSolution
		HideSolutionNode = FALSE
	EndGlobalSection
	GlobalSection(ExtensibilityGlobals) = postSolution
		SolutionGuid = {97E3927F-89AD-4E6C-AED2-70D3BEA585F2}
	EndGlobalSection
EndGlobal
